
Microsoft Visual Studio Solution File, Format Version 11.00
# Visual Studio 2010
Project("{FAE04EC0-301F-11D3-BF4B-00C04F79EFBC}") = "ExportDomain", "ExportDomain.csproj", "{CE690287-3B37-4861-9AF2-DA07587F6152}"
EndProject
Global
	GlobalSection(SolutionConfigurationPlatforms) = preSolution
		Debug|Any CPU = Debug|Any CPU
		Release|Any CPU = Release|Any CPU
	EndGlobalSection
	GlobalSection(ProjectConfigurationPlatforms) = postSolution
		{CE690287-3B37-4861-9AF2-DA07587F6152}.Debug|Any CPU.ActiveCfg = Debug|Any CPU
		{CE690287-3B37-4861-9AF2-DA07587F6152}.Debug|Any CPU.Build.0 = Debug|Any CPU
		{CE690287-3B37-4861-9AF2-DA07587F6152}.Release|Any CPU.ActiveCfg = Release|Any CPU
		{CE690287-3B37-4861-9AF2-DA07587F6152}.Release|Any CPU.Build.0 = Release|Any CPU
	EndGlobalSection
	GlobalSection(SolutionProperties) = preSolution
		HideSolutionNode = FALSE
	EndGlobalSection
EndGlobal
